
Microsoft Visual Studio Solution File, Format Version 12.00
# Visual Studio Version 17
VisualStudioVersion = 17.14.36616.10 d17.14
MinimumVisualStudioVersion = 10.0.40219.1
Project("{8BC9CEB8-8B4A-11D0-8D11-00A0C91BC942}") = "on the window", "on the window\on the window.vcxproj", "{35BD60F7-D283-4D27-BD6C-C0B24CF18E97}"
EndProject
Global
	GlobalSection(SolutionConfigurationPlatforms) = preSolution
		Debug|x64 = Debug|x64
		Release|x64 = Release|x64
	EndGlobalSection
	GlobalSection(ProjectConfigurationPlatforms) = postSolution
		{35BD60F7-D283-4D27-BD6C-C0B24CF18E97}.Debug|x64.ActiveCfg = Debug|x64
		{35BD60F7-D283-4D27-BD6C-C0B24CF18E97}.Debug|x64.Build.0 = Debug|x64
		{35BD60F7-D283-4D27-BD6C-C0B24CF18E97}.Release|x64.ActiveCfg = Release|x64
		{35BD60F7-D283-4D27-BD6C-C0B24CF18E97}.Release|x64.Build.0 = Release|x64
	EndGlobalSection
	GlobalSection(SolutionProperties) = preSolution
		HideSolutionNode = FALSE
	EndGlobalSection
	GlobalSection(ExtensibilityGlobals) = postSolution
		SolutionGuid = {11BDFE89-1D7A-4B29-BE87-DB314AE2D69B}
	EndGlobalSection
EndGlobal
